{
  "nodes": {
    "nixpkgs": {
      "locked": {
        "lastModified": 1691693223,
        "narHash": "sha256-9t8ZY1XNAsWqxAJmXgg+GXqF5chORMVnBT6PSHaRV3I=",
        "owner": "NixOS",
        "repo": "nixpkgs",
        "rev": "18784aac1013da9b442adf29b6c7c228518b5d3f",
        "type": "github"
      },
      "original": {
        "id": "nixpkgs",
        "ref": "nixos-23.05",
        "type": "indirect"
      }
    },
    "pnpm2nix": {
      "flake": false,
      "locked": {
        "lastModified": 1676829786,
        "narHash": "sha256-ywnp/Y20Bv62Vs4v39NezJ4irSg6IJUR+J25hBMu+yA=",
        "owner": "pupbrained",
        "repo": "pnpm2nix",
        "rev": "65e000773abd988f1f0cb99ff592d7945e7dd349",
        "type": "github"
      },
      "original": {
        "owner": "pupbrained",
        "repo": "pnpm2nix",
        "type": "github"
      }
    },
    "root": {
      "inputs": {
        "nixpkgs": "nixpkgs",
        "pnpm2nix": "pnpm2nix"
      }
    }
  },
  "root": "root",
  "version": 7
}
